github.com/robfig/cron v1.2.0 h1:ZjScXvvxeQ63Dbyxy76Fj3AT3Ut0aKsyd2/tl3DTMuQ=
github.com/robfig/cron v1.2.0/go.mod h1:JGuDeoQd7Z6yL4zQhZ3OPEVHB7fL6Ka6skscFHfmt2k=
github.com/t3rm1n4l/go-mega v0.0.0-20200416171014-ffad7fcb44b8 h1:IGJQmLBLYBdAknj21W3JsVof0yjEXfy1Q0K3YZebDOg=
github.com/t3rm1n4l/go-mega v0.0.0-20200416171014-ffad7fcb44b8/go.mod h1:XWL4vDyd3JKmJx+hZWUVgCNmmhZ2dTBcaNDcxH465s0=
golang.org/x/crypto v0.0.0-20190131182504-b8fe1690c613 h1:MQ/ZZiDsUapFFiMS+vzwXkCTeEKaum+Do5rINYJDmxc=
golang.org/x/crypto v0.0.0-20190131182504-b8fe1690c613/go.mod h1:6SG95UA2DQfeDnfUPMdvaQW0Q7yPrPDi9nlGo2tz2b4=
